
Microsoft Visual Studio Solution File, Format Version 11.00
# Visual Studio 2010
Project("{FAE04EC0-301F-11D3-BF4B-00C04F79EFBC}") = "walaa_Darak_apphub", "walaa_Darak_apphub\walaa_Darak_apphub.csproj", "{7A984018-CD11-442C-A590-C8EC00230EAD}"
EndProject
Global
	GlobalSection(SolutionConfigurationPlatforms) = preSolution
		Debug|Any CPU = Debug|Any CPU
		Release|Any CPU = Release|Any CPU
	EndGlobalSection
	GlobalSection(ProjectConfigurationPlatforms) = postSolution
		{7A984018-CD11-442C-A590-C8EC00230EAD}.Debug|Any CPU.ActiveCfg = Debug|Any CPU
		{7A984018-CD11-442C-A590-C8EC00230EAD}.Debug|Any CPU.Build.0 = Debug|Any CPU
		{7A984018-CD11-442C-A590-C8EC00230EAD}.Release|Any CPU.ActiveCfg = Release|Any CPU
		{7A984018-CD11-442C-A590-C8EC00230EAD}.Release|Any CPU.Build.0 = Release|Any CPU
	EndGlobalSection
	GlobalSection(SolutionProperties) = preSolution
		HideSolutionNode = FALSE
	EndGlobalSection
EndGlobal
